
Microsoft Visual Studio Solution File, Format Version 12.00
# Visual Studio 15
VisualStudioVersion = 15.0.27428.2015
MinimumVisualStudioVersion = 10.0.40219.1
Project("{8BC9CEB8-8B4A-11D0-8D11-00A0C91BC942}") = "Project02", "Project02\Project02.vcxproj", "{33152238-2CF7-440E-B7E9-4A676954243E}"
EndProject
Global
	GlobalSection(SolutionConfigurationPlatforms) = preSolution
		Debug|x64 = Debug|x64
		Debug|x86 = Debug|x86
		Release|x64 = Release|x64
		Release|x86 = Release|x86
	EndGlobalSection
	GlobalSection(ProjectConfigurationPlatforms) = postSolution
		{33152238-2CF7-440E-B7E9-4A676954243E}.Debug|x64.ActiveCfg = Debug|x64
		{33152238-2CF7-440E-B7E9-4A676954243E}.Debug|x64.Build.0 = Debug|x64
		{33152238-2CF7-440E-B7E9-4A676954243E}.Debug|x86.ActiveCfg = Debug|Win32
		{33152238-2CF7-440E-B7E9-4A676954243E}.Debug|x86.Build.0 = Debug|Win32
		{33152238-2CF7-440E-B7E9-4A676954243E}.Release|x64.ActiveCfg = Release|x64
		{33152238-2CF7-440E-B7E9-4A676954243E}.Release|x64.Build.0 = Release|x64
		{33152238-2CF7-440E-B7E9-4A676954243E}.Release|x86.ActiveCfg = Release|Win32
		{33152238-2CF7-440E-B7E9-4A676954243E}.Release|x86.Build.0 = Release|Win32
	EndGlobalSection
	GlobalSection(SolutionProperties) = preSolution
		HideSolutionNode = FALSE
	EndGlobalSection
	GlobalSection(ExtensibilityGlobals) = postSolution
		SolutionGuid = {47876A85-602E-4D88-8FAA-35F07B5D90E1}
	EndGlobalSection
EndGlobal
