
Microsoft Visual Studio Solution File, Format Version 12.00
# Visual Studio 15
VisualStudioVersion = 15.0.28307.168
MinimumVisualStudioVersion = 10.0.40219.1
Project("{8BC9CEB8-8B4A-11D0-8D11-00A0C91BC942}") = "Project3", "Project3\Project3.vcxproj", "{3CCC8DE5-9570-4B08-BC5F-19EDDE2B5202}"
EndProject
Global
	GlobalSection(SolutionConfigurationPlatforms) = preSolution
		Debug|x64 = Debug|x64
		Debug|x86 = Debug|x86
		Release|x64 = Release|x64
		Release|x86 = Release|x86
	EndGlobalSection
	GlobalSection(ProjectConfigurationPlatforms) = postSolution
		{3CCC8DE5-9570-4B08-BC5F-19EDDE2B5202}.Debug|x64.ActiveCfg = Debug|x64
		{3CCC8DE5-9570-4B08-BC5F-19EDDE2B5202}.Debug|x64.Build.0 = Debug|x64
		{3CCC8DE5-9570-4B08-BC5F-19EDDE2B5202}.Debug|x86.ActiveCfg = Debug|Win32
		{3CCC8DE5-9570-4B08-BC5F-19EDDE2B5202}.Debug|x86.Build.0 = Debug|Win32
		{3CCC8DE5-9570-4B08-BC5F-19EDDE2B5202}.Release|x64.ActiveCfg = Release|x64
		{3CCC8DE5-9570-4B08-BC5F-19EDDE2B5202}.Release|x64.Build.0 = Release|x64
		{3CCC8DE5-9570-4B08-BC5F-19EDDE2B5202}.Release|x86.ActiveCfg = Release|Win32
		{3CCC8DE5-9570-4B08-BC5F-19EDDE2B5202}.Release|x86.Build.0 = Release|Win32
	EndGlobalSection
	GlobalSection(SolutionProperties) = preSolution
		HideSolutionNode = FALSE
	EndGlobalSection
	GlobalSection(ExtensibilityGlobals) = postSolution
		SolutionGuid = {DF92A4F8-A38B-49E0-8AB6-8B0FBA7DFBBA}
	EndGlobalSection
EndGlobal
